{
    "requires": true,
    "lockfileVersion": 1,
    "dependencies": {
        "lightgallery": {
            "version": "2.5.0",
            "resolved": "https://registry.npmjs.org/lightgallery/-/lightgallery-2.5.0.tgz",
            "integrity": "sha512-pzg5gwflLGlKaK1VqDKpb7yqQ/WSV/TxFaHRR7ld7G5iOI9gkJZ2qKKo2lyqvTvu8yAqNYXoU0w9O/Dll6POkw=="
        }
    }
}
